// !$*UTF8*$!
{
	archiveVersion = 1;
	classes = {
	};
	objectVersion = 55;
	objects = {

/* Begin PBXBuildFile section */
		E37D0BC827F8479E00E18BC0 /* TabBarViewController.swift in Sources */ = {isa = PBXBuildFile; fileRef = E37D0BC727F8479E00E18BC0 /* TabBarViewController.swift */; };
		E37D0BCA27F8491900E18BC0 /* SectionTableViewController.swift in Sources */ = {isa = PBXBuildFile; fileRef = E37D0BC927F8491900E18BC0 /* SectionTableViewController.swift */; };
		E3E5752F27EB835500CD3AB0 /* AppDelegate.swift in Sources */ = {isa = PBXBuildFile; fileRef = E3E5752E27EB835500CD3AB0 /* AppDelegate.swift */; };
		E3E5753127EB835500CD3AB0 /* SceneDelegate.swift in Sources */ = {isa = PBXBuildFile; fileRef = E3E5753027EB835500CD3AB0 /* SceneDelegate.swift */; };
		E3E5753627EB835500CD3AB0 /* Main.storyboard in Resources */ = {isa = PBXBuildFile; fileRef = E3E5753427EB835500CD3AB0 /* Main.storyboard */; };
		E3E5753827EB835700CD3AB0 /* Assets.xcassets in Resources */ = {isa = PBXBuildFile; fileRef = E3E5753727EB835700CD3AB0 /* Assets.xcassets */; };
		E3E5753B27EB835700CD3AB0 /* LaunchScreen.storyboard in Resources */ = {isa = PBXBuildFile; fileRef = E3E5753927EB835700CD3AB0 /* LaunchScreen.storyboard */; };
		E3E5754327EB847900CD3AB0 /* ContactListViewController.swift in Sources */ = {isa = PBXBuildFile; fileRef = E3E5754227EB847900CD3AB0 /* ContactListViewController.swift */; };
		E3E5754527EB89D100CD3AB0 /* Person.swift in Sources */ = {isa = PBXBuildFile; fileRef = E3E5754427EB89D100CD3AB0 /* Person.swift */; };
		E3E5754727EB9B3400CD3AB0 /* ContactDetailsViewController.swift in Sources */ = {isa = PBXBuildFile; fileRef = E3E5754627EB9B3400CD3AB0 /* ContactDetailsViewController.swift */; };
		E3E5754927EBA02800CD3AB0 /* DataManager.swift in Sources */ = {isa = PBXBuildFile; fileRef = E3E5754827EBA02700CD3AB0 /* DataManager.swift */; };
/* End PBXBuildFile section */

/* Begin PBXFileReference section */
		E37D0BC727F8479E00E18BC0 /* TabBarViewController.swift */ = {isa = PBXFileReference; lastKnownFileType = sourcecode.swift; path = TabBarViewController.swift; sourceTree = "<group>"; };
		E37D0BC927F8491900E18BC0 /* SectionTableViewController.swift */ = {isa = PBXFileReference; lastKnownFileType = sourcecode.swift; path = SectionTableViewController.swift; sourceTree = "<group>"; };
		E3E5752B27EB835500CD3AB0 /* PersonsListApp.app */ = {isa = PBXFileReference; explicitFileType = wrapper.application; includeInIndex = 0; path = PersonsListApp.app; sourceTree = BUILT_PRODUCTS_DIR; };
		E3E5752E27EB835500CD3AB0 /* AppDelegate.swift */ = {isa = PBXFileReference; lastKnownFileType = sourcecode.swift; path = AppDelegate.swift; sourceTree = "<group>"; };
		E3E5753027EB835500CD3AB0 /* SceneDelegate.swift */ = {isa = PBXFileReference; lastKnownFileType = sourcecode.swift; path = SceneDelegate.swift; sourceTree = "<group>"; };
		E3E5753527EB835500CD3AB0 /* Base */ = {isa = PBXFileReference; lastKnownFileType = file.storyboard; name = Base; path = Base.lproj/Main.storyboard; sourceTree = "<group>"; };
		E3E5753727EB835700CD3AB0 /* Assets.xcassets */ = {isa = PBXFileReference; lastKnownFileType = folder.assetcatalog; path = Assets.xcassets; sourceTree = "<group>"; };
		E3E5753A27EB835700CD3AB0 /* Base */ = {isa = PBXFileReference; lastKnownFileType = file.storyboard; name = Base; path = Base.lproj/LaunchScreen.storyboard; sourceTree = "<group>"; };
		E3E5753C27EB835700CD3AB0 /* Info.plist */ = {isa = PBXFileReference; lastKnownFileType = text.plist.xml; path = Info.plist; sourceTree = "<group>"; };
		E3E5754227EB847900CD3AB0 /* ContactListViewController.swift */ = {isa = PBXFileReference; lastKnownFileType = sourcecode.swift; path = ContactListViewController.swift; sourceTree = "<group>"; };
		E3E5754427EB89D100CD3AB0 /* Person.swift */ = {isa = PBXFileReference; lastKnownFileType = sourcecode.swift; path = Person.swift; sourceTree = "<group>"; };
		E3E5754627EB9B3400CD3AB0 /* ContactDetailsViewController.swift */ = {isa = PBXFileReference; lastKnownFileType = sourcecode.swift; path = ContactDetailsViewController.swift; sourceTree = "<group>"; };
		E3E5754827EBA02700CD3AB0 /* DataManager.swift */ = {isa = PBXFileReference; lastKnownFileType = sourcecode.swift; path = DataManager.swift; sourceTree = "<group>"; };
/* End PBXFileReference section */

/* Begin PBXFrameworksBuildPhase section */
		E3E5752827EB835500CD3AB0 /* Frameworks */ = {
			isa = PBXFrameworksBuildPhase;
			buildActionMask = 2147483647;
			files = (
			);
			runOnlyForDeploymentPostprocessing = 0;
		};
/* End PBXFrameworksBuildPhase section */

/* Begin PBXGroup section */
		E37D0BC227F83F8C00E18BC0 /* StoryBoards */ = {
			isa = PBXGroup;
			children = (
				E3E5753427EB835500CD3AB0 /* Main.storyboard */,
				E3E5753927EB835700CD3AB0 /* LaunchScreen.storyboard */,
			);
			path = StoryBoards;
			sourceTree = "<group>";
		};
		E37D0BC327F83FB200E18BC0 /* Models */ = {
			isa = PBXGroup;
			children = (
				E3E5754427EB89D100CD3AB0 /* Person.swift */,
			);
			path = Models;
			sourceTree = "<group>";
		};
		E37D0BC427F8408000E18BC0 /* Services */ = {
			isa = PBXGroup;
			children = (
				E3E5754827EBA02700CD3AB0 /* DataManager.swift */,
			);
			path = Services;
			sourceTree = "<group>";
		};
		E37D0BC527F8437A00E18BC0 /* App */ = {
			isa = PBXGroup;
			children = (
				E3E5753027EB835500CD3AB0 /* SceneDelegate.swift */,
				E3E5752E27EB835500CD3AB0 /* AppDelegate.swift */,
				E3E5753C27EB835700CD3AB0 /* Info.plist */,
			);
			path = App;
			sourceTree = "<group>";
		};
		E37D0BC627F845B400E18BC0 /* Resources */ = {
			isa = PBXGroup;
			children = (
				E3E5753727EB835700CD3AB0 /* Assets.xcassets */,
			);
			path = Resources;
			sourceTree = "<group>";
		};
		E3E5752227EB835500CD3AB0 = {
			isa = PBXGroup;
			children = (
				E3E5752D27EB835500CD3AB0 /* ViewControllers */,
				E37D0BC327F83FB200E18BC0 /* Models */,
				E37D0BC427F8408000E18BC0 /* Services */,
				E37D0BC227F83F8C00E18BC0 /* StoryBoards */,
				E37D0BC527F8437A00E18BC0 /* App */,
				E37D0BC627F845B400E18BC0 /* Resources */,
				E3E5752C27EB835500CD3AB0 /* Products */,
			);
			sourceTree = "<group>";
		};
		E3E5752C27EB835500CD3AB0 /* Products */ = {
			isa = PBXGroup;
			children = (
				E3E5752B27EB835500CD3AB0 /* PersonsListApp.app */,
			);
			name = Products;
			sourceTree = "<group>";
		};
		E3E5752D27EB835500CD3AB0 /* ViewControllers */ = {
			isa = PBXGroup;
			children = (
				E37D0BC727F8479E00E18BC0 /* TabBarViewController.swift */,
				E3E5754227EB847900CD3AB0 /* ContactListViewController.swift */,
				E37D0BC927F8491900E18BC0 /* SectionTableViewController.swift */,
				E3E5754627EB9B3400CD3AB0 /* ContactDetailsViewController.swift */,
			);
			path = ViewControllers;
			sourceTree = "<group>";
		};
/* End PBXGroup section */

/* Begin PBXNativeTarget section */
		E3E5752A27EB835500CD3AB0 /* PersonsListApp */ = {
			isa = PBXNativeTarget;
			buildConfigurationList = E3E5753F27EB835700CD3AB0 /* Build configuration list for PBXNativeTarget "PersonsListApp" */;
			buildPhases = (
				E3E5752727EB835500CD3AB0 /* Sources */,
				E3E5752827EB835500CD3AB0 /* Frameworks */,
				E3E5752927EB835500CD3AB0 /* Resources */,
			);
			buildRules = (
			);
			dependencies = (
			);
			name = PersonsListApp;
			productName = PersonsListApp;
			productReference = E3E5752B27EB835500CD3AB0 /* PersonsListApp.app */;
			productType = "com.apple.product-type.application";
		};
/* End PBXNativeTarget section */

/* Begin PBXProject section */
		E3E5752327EB835500CD3AB0 /* Project object */ = {
			isa = PBXProject;
			attributes = {
				BuildIndependentTargetsInParallel = 1;
				LastSwiftUpdateCheck = 1330;
				LastUpgradeCheck = 1330;
				TargetAttributes = {
					E3E5752A27EB835500CD3AB0 = {
						CreatedOnToolsVersion = 13.3;
					};
				};
			};
			buildConfigurationList = E3E5752627EB835500CD3AB0 /* Build configuration list for PBXProject "PersonsListApp" */;
			compatibilityVersion = "Xcode 13.0";
			developmentRegion = en;
			hasScannedForEncodings = 0;
			knownRegions = (
				en,
				Base,
			);
			mainGroup = E3E5752227EB835500CD3AB0;
			productRefGroup = E3E5752C27EB835500CD3AB0 /* Products */;
			projectDirPath = "";
			projectRoot = "";
			targets = (
				E3E5752A27EB835500CD3AB0 /* PersonsListApp */,
			);
		};
/* End PBXProject section */

/* Begin PBXResourcesBuildPhase section */
		E3E5752927EB835500CD3AB0 /* Resources */ = {
			isa = PBXResourcesBuildPhase;
			buildActionMask = 2147483647;
			files = (
				E3E5753B27EB835700CD3AB0 /* LaunchScreen.storyboard in Resources */,
				E3E5753827EB835700CD3AB0 /* Assets.xcassets in Resources */,
				E3E5753627EB835500CD3AB0 /* Main.storyboard in Resources */,
			);
			runOnlyForDeploymentPostprocessing = 0;
		};
/* End PBXResourcesBuildPhase section */

/* Begin PBXSourcesBuildPhase section */
		E3E5752727EB835500CD3AB0 /* Sources */ = {
			isa = PBXSourcesBuildPhase;
			buildActionMask = 2147483647;
			files = (
				E3E5754327EB847900CD3AB0 /* ContactListViewController.swift in Sources */,
				E3E5752F27EB835500CD3AB0 /* AppDelegate.swift in Sources */,
				E3E5754527EB89D100CD3AB0 /* Person.swift in Sources */,
				E3E5753127EB835500CD3AB0 /* SceneDelegate.swift in Sources */,
				E37D0BC827F8479E00E18BC0 /* TabBarViewController.swift in Sources */,
				E3E5754927EBA02800CD3AB0 /* DataManager.swift in Sources */,
				E37D0BCA27F8491900E18BC0 /* SectionTableViewController.swift in Sources */,
				E3E5754727EB9B3400CD3AB0 /* ContactDetailsViewController.swift in Sources */,
			);
			runOnlyForDeploymentPostprocessing = 0;
		};
/* End PBXSourcesBuildPhase section */

/* Begin PBXVariantGroup section */
		E3E5753427EB835500CD3AB0 /* Main.storyboard */ = {
			isa = PBXVariantGroup;
			children = (
				E3E5753527EB835500CD3AB0 /* Base */,
			);
			name = Main.storyboard;
			sourceTree = "<group>";
		};
		E3E5753927EB835700CD3AB0 /* LaunchScreen.storyboard */ = {
			isa = PBXVariantGroup;
			children = (
				E3E5753A27EB835700CD3AB0 /* Base */,
			);
			name = LaunchScreen.storyboard;
			sourceTree = "<group>";
		};
/* End PBXVariantGroup section */

/* Begin XCBuildConfiguration section */
		E3E5753D27EB835700CD3AB0 /* Debug */ = {
			isa = XCBuildConfiguration;
			buildSettings = {
				ALWAYS_SEARCH_USER_PATHS = NO;
				CLANG_ANALYZER_NONNULL = YES;
				CLANG_ANALYZER_NUMBER_OBJECT_CONVERSION = YES_AGGRESSIVE;
				CLANG_CXX_LANGUAGE_STANDARD = "gnu++17";
				CLANG_ENABLE_MODULES = YES;
				CLANG_ENABLE_OBJC_ARC = YES;
				CLANG_ENABLE_OBJC_WEAK = YES;
				CLANG_WARN_BLOCK_CAPTURE_AUTORELEASING = YES;
				CLANG_WARN_BOOL_CONVERSION = YES;
				CLANG_WARN_COMMA = YES;
				CLANG_WARN_CONSTANT_CONVERSION = YES;
				CLANG_WARN_DEPRECATED_OBJC_IMPLEMENTATIONS = YES;
				CLANG_WARN_DIRECT_OBJC_ISA_USAGE = YES_ERROR;
				CLANG_WARN_DOCUMENTATION_COMMENTS = YES;
				CLANG_WARN_EMPTY_BODY = YES;
				CLANG_WARN_ENUM_CONVERSION = YES;
				CLANG_WARN_INFINITE_RECURSION = YES;
				CLANG_WARN_INT_CONVERSION = YES;
				CLANG_WARN_NON_LITERAL_NULL_CONVERSION = YES;
				CLANG_WARN_OBJC_IMPLICIT_RETAIN_SELF = YES;
				CLANG_WARN_OBJC_LITERAL_CONVERSION = YES;
				CLANG_WARN_OBJC_ROOT_CLASS = YES_ERROR;
				CLANG_WARN_QUOTED_INCLUDE_IN_FRAMEWORK_HEADER = YES;
				CLANG_WARN_RANGE_LOOP_ANALYSIS = YES;
				CLANG_WARN_STRICT_PROTOTYPES = YES;
				CLANG_WARN_SUSPICIOUS_MOVE = YES;
				CLANG_WARN_UNGUARDED_AVAILABILITY = YES_AGGRESSIVE;
				CLANG_WARN_UNREACHABLE_CODE = YES;
				CLANG_WARN__DUPLICATE_METHOD_MATCH = YES;
				COPY_PHASE_STRIP = NO;
				DEBUG_INFORMATION_FORMAT = dwarf;
				ENABLE_STRICT_OBJC_MSGSEND = YES;
				ENABLE_TESTABILITY = YES;
				GCC_C_LANGUAGE_STANDARD = gnu11;
				GCC_DYNAMIC_NO_PIC = NO;
				GCC_NO_COMMON_BLOCKS = YES;
				GCC_OPTIMIZATION_LEVEL = 0;
				GCC_PREPROCESSOR_DEFINITIONS = (
					"DEBUG=1",
					"$(inherited)",
				);
				GCC_WARN_64_TO_32_BIT_CONVERSION = YES;
				GCC_WARN_ABOUT_RETURN_TYPE = YES_ERROR;
				GCC_WARN_UNDECLARED_SELECTOR = YES;
				GCC_WARN_UNINITIALIZED_AUTOS = YES_AGGRESSIVE;
				GCC_WARN_UNUSED_FUNCTION = YES;
				GCC_WARN_UNUSED_VARIABLE = YES;
				IPHONEOS_DEPLOYMENT_TARGET = 15.4;
				MTL_ENABLE_DEBUG_INFO = INCLUDE_SOURCE;
				MTL_FAST_MATH = YES;
				ONLY_ACTIVE_ARCH = YES;
				SDKROOT = iphoneos;
				SWIFT_ACTIVE_COMPILATION_CONDITIONS = DEBUG;
				SWIFT_OPTIMIZATION_LEVEL = "-Onone";
			};
			name = Debug;
		};
		E3E5753E27EB835700CD3AB0 /* Release */ = {
			isa = XCBuildConfiguration;
			buildSettings = {
				ALWAYS_SEARCH_USER_PATHS = NO;
				CLANG_ANALYZER_NONNULL = YES;
				CLANG_ANALYZER_NUMBER_OBJECT_CONVERSION = YES_AGGRESSIVE;
				CLANG_CXX_LANGUAGE_STANDARD = "gnu++17";
				CLANG_ENABLE_MODULES = YES;
				CLANG_ENABLE_OBJC_ARC = YES;
				CLANG_ENABLE_OBJC_WEAK = YES;
				CLANG_WARN_BLOCK_CAPTURE_AUTORELEASING = YES;
				CLANG_WARN_BOOL_CONVERSION = YES;
				CLANG_WARN_COMMA = YES;
				CLANG_WARN_CONSTANT_CONVERSION = YES;
				CLANG_WARN_DEPRECATED_OBJC_IMPLEMENTATIONS = YES;
				CLANG_WARN_DIRECT_OBJC_ISA_USAGE = YES_ERROR;
				CLANG_WARN_DOCUMENTATION_COMMENTS = YES;
				CLANG_WARN_EMPTY_BODY = YES;
				CLANG_WARN_ENUM_CONVERSION = YES;
				CLANG_WARN_INFINITE_RECURSION = YES;
				CLANG_WARN_INT_CONVERSION = YES;
				CLANG_WARN_NON_LITERAL_NULL_CONVERSION = YES;
				CLANG_WARN_OBJC_IMPLICIT_RETAIN_SELF = YES;
				CLANG_WARN_OBJC_LITERAL_CONVERSION = YES;
				CLANG_WARN_OBJC_ROOT_CLASS = YES_ERROR;
				CLANG_WARN_QUOTED_INCLUDE_IN_FRAMEWORK_HEADER = YES;
				CLANG_WARN_RANGE_LOOP_ANALYSIS = YES;
				CLANG_WARN_STRICT_PROTOTYPES = YES;
				CLANG_WARN_SUSPICIOUS_MOVE = YES;
				CLANG_WARN_UNGUARDED_AVAILABILITY = YES_AGGRESSIVE;
				CLANG_WARN_UNREACHABLE_CODE = YES;
				CLANG_WARN__DUPLICATE_METHOD_MATCH = YES;
				COPY_PHASE_STRIP = NO;
				DEBUG_INFORMATION_FORMAT = "dwarf-with-dsym";
				ENABLE_NS_ASSERTIONS = NO;
				ENABLE_STRICT_OBJC_MSGSEND = YES;
				GCC_C_LANGUAGE_STANDARD = gnu11;
				GCC_NO_COMMON_BLOCKS = YES;
				GCC_WARN_64_TO_32_BIT_CONVERSION = YES;
				GCC_WARN_ABOUT_RETURN_TYPE = YES_ERROR;
				GCC_WARN_UNDECLARED_SELECTOR = YES;
				GCC_WARN_UNINITIALIZED_AUTOS = YES_AGGRESSIVE;
				GCC_WARN_UNUSED_FUNCTION = YES;
				GCC_WARN_UNUSED_VARIABLE = YES;
				IPHONEOS_DEPLOYMENT_TARGET = 15.4;
				MTL_ENABLE_DEBUG_INFO = NO;
				MTL_FAST_MATH = YES;
				SDKROOT = iphoneos;
				SWIFT_COMPILATION_MODE = wholemodule;
				SWIFT_OPTIMIZATION_LEVEL = "-O";
				VALIDATE_PRODUCT = YES;
			};
			name = Release;
		};
		E3E5754027EB835700CD3AB0 /* Debug */ = {
			isa = XCBuildConfiguration;
			buildSettings = {
				ASSETCATALOG_COMPILER_APPICON_NAME = AppIcon;
				ASSETCATALOG_COMPILER_GLOBAL_ACCENT_COLOR_NAME = AccentColor;
				CODE_SIGN_STYLE = Automatic;
				CURRENT_PROJECT_VERSION = 1;
				DEVELOPMENT_TEAM = HWT7FTR5D2;
				GENERATE_INFOPLIST_FILE = YES;
				INFOPLIST_FILE = App/Info.plist;
				INFOPLIST_KEY_UIApplicationSupportsIndirectInputEvents = YES;
				INFOPLIST_KEY_UILaunchStoryboardName = LaunchScreen;
				INFOPLIST_KEY_UIMainStoryboardFile = Main;
				INFOPLIST_KEY_UISupportedInterfaceOrientations = UIInterfaceOrientationPortrait;
				INFOPLIST_KEY_UISupportedInterfaceOrientations_iPad = "UIInterfaceOrientationPortrait UIInterfaceOrientationPortraitUpsideDown UIInterfaceOrientationLandscapeLeft UIInterfaceOrientationLandscapeRight";
				INFOPLIST_KEY_UISupportedInterfaceOrientations_iPhone = "UIInterfaceOrientationPortrait UIInterfaceOrientationLandscapeLeft UIInterfaceOrientationLandscapeRight";
				LD_RUNPATH_SEARCH_PATHS = (
					"$(inherited)",
					"@executable_path/Frameworks",
				);
				MARKETING_VERSION = 1.0;
				PRODUCT_BUNDLE_IDENTIFIER = "Pavel-Venzhi.PersonsListApp";
				PRODUCT_NAME = "$(TARGET_NAME)";
				SWIFT_EMIT_LOC_STRINGS = YES;
				SWIFT_VERSION = 5.0;
				TARGETED_DEVICE_FAMILY = 1;
			};
			name = Debug;
		};
		E3E5754127EB835700CD3AB0 /* Release */ = {
			isa = XCBuildConfiguration;
			buildSettings = {
				ASSETCATALOG_COMPILER_APPICON_NAME = AppIcon;
				ASSETCATALOG_COMPILER_GLOBAL_ACCENT_COLOR_NAME = AccentColor;
				CODE_SIGN_STYLE = Automatic;
				CURRENT_PROJECT_VERSION = 1;
				DEVELOPMENT_TEAM = HWT7FTR5D2;
				GENERATE_INFOPLIST_FILE = YES;
				INFOPLIST_FILE = App/Info.plist;
				INFOPLIST_KEY_UIApplicationSupportsIndirectInputEvents = YES;
				INFOPLIST_KEY_UILaunchStoryboardName = LaunchScreen;
				INFOPLIST_KEY_UIMainStoryboardFile = Main;
				INFOPLIST_KEY_UISupportedInterfaceOrientations = UIInterfaceOrientationPortrait;
				INFOPLIST_KEY_UISupportedInterfaceOrientations_iPad = "UIInterfaceOrientationPortrait UIInterfaceOrientationPortraitUpsideDown UIInterfaceOrientationLandscapeLeft UIInterfaceOrientationLandscapeRight";
				INFOPLIST_KEY_UISupportedInterfaceOrientations_iPhone = "UIInterfaceOrientationPortrait UIInterfaceOrientationLandscapeLeft UIInterfaceOrientationLandscapeRight";
				LD_RUNPATH_SEARCH_PATHS = (
					"$(inherited)",
					"@executable_path/Frameworks",
				);
				MARKETING_VERSION = 1.0;
				PRODUCT_BUNDLE_IDENTIFIER = "Pavel-Venzhi.PersonsListApp";
				PRODUCT_NAME = "$(TARGET_NAME)";
				SWIFT_EMIT_LOC_STRINGS = YES;
				SWIFT_VERSION = 5.0;
				TARGETED_DEVICE_FAMILY = 1;
			};
			name = Release;
		};
/* End XCBuildConfiguration section */

/* Begin XCConfigurationList section */
		E3E5752627EB835500CD3AB0 /* Build configuration list for PBXProject "PersonsListApp" */ = {
			isa = XCConfigurationList;
			buildConfigurations = (
				E3E5753D27EB835700CD3AB0 /* Debug */,
				E3E5753E27EB835700CD3AB0 /* Release */,
			);
			defaultConfigurationIsVisible = 0;
			defaultConfigurationName = Release;
		};
		E3E5753F27EB835700CD3AB0 /* Build configuration list for PBXNativeTarget "PersonsListApp" */ = {
			isa = XCConfigurationList;
			buildConfigurations = (
				E3E5754027EB835700CD3AB0 /* Debug */,
				E3E5754127EB835700CD3AB0 /* Release */,
			);
			defaultConfigurationIsVisible = 0;
			defaultConfigurationName = Release;
		};
/* End XCConfigurationList section */
	};
	rootObject = E3E5752327EB835500CD3AB0 /* Project object */;
}
